// !$*UTF8*$!
{
	archiveVersion = 1;
	classes = {
	};
	objectVersion = 55;
	objects = {

/* Begin PBXBuildFile section */
		1E002BBA27C695EA002BB72F /* EdvoraApp.swift in Sources */ = {isa = PBXBuildFile; fileRef = 1E002BB927C695EA002BB72F /* EdvoraApp.swift */; };
		1E002BBC27C695EA002BB72F /* ContentView.swift in Sources */ = {isa = PBXBuildFile; fileRef = 1E002BBB27C695EA002BB72F /* ContentView.swift */; };
		1E002BBE27C695EE002BB72F /* Assets.xcassets in Resources */ = {isa = PBXBuildFile; fileRef = 1E002BBD27C695EE002BB72F /* Assets.xcassets */; };
		1E002BC127C695EE002BB72F /* Preview Assets.xcassets in Resources */ = {isa = PBXBuildFile; fileRef = 1E002BC027C695EE002BB72F /* Preview Assets.xcassets */; };
		1EEF7B7927CB839C00106E73 /* Edvora Map View.swift in Sources */ = {isa = PBXBuildFile; fileRef = 1EEF7B7827CB839C00106E73 /* Edvora Map View.swift */; };
		1EEF7B7B27CB8F1D00106E73 /* landmarkData.json in Resources */ = {isa = PBXBuildFile; fileRef = 1EEF7B7A27CB8F1D00106E73 /* landmarkData.json */; };
		1EEF7B7D27CB8F6A00106E73 /* Landmark.swift in Sources */ = {isa = PBXBuildFile; fileRef = 1EEF7B7C27CB8F6A00106E73 /* Landmark.swift */; };
		1EEF7B7F27CB910400106E73 /* ModelData.swift in Sources */ = {isa = PBXBuildFile; fileRef = 1EEF7B7E27CB910400106E73 /* ModelData.swift */; };
/* End PBXBuildFile section */

/* Begin PBXFileReference section */
		1E002BB627C695EA002BB72F /* Edvora.app */ = {isa = PBXFileReference; explicitFileType = wrapper.application; includeInIndex = 0; path = Edvora.app; sourceTree = BUILT_PRODUCTS_DIR; };
		1E002BB927C695EA002BB72F /* EdvoraApp.swift */ = {isa = PBXFileReference; lastKnownFileType = sourcecode.swift; path = EdvoraApp.swift; sourceTree = "<group>"; };
		1E002BBB27C695EA002BB72F /* ContentView.swift */ = {isa = PBXFileReference; lastKnownFileType = sourcecode.swift; path = ContentView.swift; sourceTree = "<group>"; };
		1E002BBD27C695EE002BB72F /* Assets.xcassets */ = {isa = PBXFileReference; lastKnownFileType = folder.assetcatalog; path = Assets.xcassets; sourceTree = "<group>"; };
		1E002BC027C695EE002BB72F /* Preview Assets.xcassets */ = {isa = PBXFileReference; lastKnownFileType = folder.assetcatalog; path = "Preview Assets.xcassets"; sourceTree = "<group>"; };
		1EEF7B7827CB839C00106E73 /* Edvora Map View.swift */ = {isa = PBXFileReference; lastKnownFileType = sourcecode.swift; path = "Edvora Map View.swift"; sourceTree = "<group>"; };
		1EEF7B7A27CB8F1D00106E73 /* landmarkData.json */ = {isa = PBXFileReference; fileEncoding = 4; lastKnownFileType = text.json; path = landmarkData.json; sourceTree = "<group>"; };
		1EEF7B7C27CB8F6A00106E73 /* Landmark.swift */ = {isa = PBXFileReference; lastKnownFileType = sourcecode.swift; path = Landmark.swift; sourceTree = "<group>"; };
		1EEF7B7E27CB910400106E73 /* ModelData.swift */ = {isa = PBXFileReference; lastKnownFileType = sourcecode.swift; path = ModelData.swift; sourceTree = "<group>"; };
/* End PBXFileReference section */

/* Begin PBXFrameworksBuildPhase section */
		1E002BB327C695EA002BB72F /* Frameworks */ = {
			isa = PBXFrameworksBuildPhase;
			buildActionMask = 2147483647;
			files = (
			);
			runOnlyForDeploymentPostprocessing = 0;
		};
/* End PBXFrameworksBuildPhase section */

/* Begin PBXGroup section */
		1E002BAD27C695EA002BB72F = {
			isa = PBXGroup;
			children = (
				1E002BB827C695EA002BB72F /* Edvora */,
				1E002BB727C695EA002BB72F /* Products */,
			);
			sourceTree = "<group>";
		};
		1E002BB727C695EA002BB72F /* Products */ = {
			isa = PBXGroup;
			children = (
				1E002BB627C695EA002BB72F /* Edvora.app */,
			);
			name = Products;
			sourceTree = "<group>";
		};
		1E002BB827C695EA002BB72F /* Edvora */ = {
			isa = PBXGroup;
			children = (
				1E002BB927C695EA002BB72F /* EdvoraApp.swift */,
				1E002BBB27C695EA002BB72F /* ContentView.swift */,
				1EEF7B7827CB839C00106E73 /* Edvora Map View.swift */,
				1E002BBD27C695EE002BB72F /* Assets.xcassets */,
				1EEF7B7A27CB8F1D00106E73 /* landmarkData.json */,
				1EEF7B7C27CB8F6A00106E73 /* Landmark.swift */,
				1EEF7B7E27CB910400106E73 /* ModelData.swift */,
				1E002BBF27C695EE002BB72F /* Preview Content */,
			);
			path = Edvora;
			sourceTree = "<group>";
		};
		1E002BBF27C695EE002BB72F /* Preview Content */ = {
			isa = PBXGroup;
			children = (
				1E002BC027C695EE002BB72F /* Preview Assets.xcassets */,
			);
			path = "Preview Content";
			sourceTree = "<group>";
		};
/* End PBXGroup section */

/* Begin PBXNativeTarget section */
		1E002BB527C695EA002BB72F /* Edvora */ = {
			isa = PBXNativeTarget;
			buildConfigurationList = 1E002BC427C695EE002BB72F /* Build configuration list for PBXNativeTarget "Edvora" */;
			buildPhases = (
				1E002BB227C695EA002BB72F /* Sources */,
				1E002BB327C695EA002BB72F /* Frameworks */,
				1E002BB427C695EA002BB72F /* Resources */,
			);
			buildRules = (
			);
			dependencies = (
			);
			name = Edvora;
			productName = Edvora;
			productReference = 1E002BB627C695EA002BB72F /* Edvora.app */;
			productType = "com.apple.product-type.application";
		};
/* End PBXNativeTarget section */

/* Begin PBXProject section */
		1E002BAE27C695EA002BB72F /* Project object */ = {
			isa = PBXProject;
			attributes = {
				BuildIndependentTargetsInParallel = 1;
				LastSwiftUpdateCheck = 1320;
				LastUpgradeCheck = 1320;
				TargetAttributes = {
					1E002BB527C695EA002BB72F = {
						CreatedOnToolsVersion = 13.2.1;
					};
				};
			};
			buildConfigurationList = 1E002BB127C695EA002BB72F /* Build configuration list for PBXProject "Edvora" */;
			compatibilityVersion = "Xcode 13.0";
			developmentRegion = en;
			hasScannedForEncodings = 0;
			knownRegions = (
				en,
				Base,
			);
			mainGroup = 1E002BAD27C695EA002BB72F;
			productRefGroup = 1E002BB727C695EA002BB72F /* Products */;
			projectDirPath = "";
			projectRoot = "";
			targets = (
				1E002BB527C695EA002BB72F /* Edvora */,
			);
		};
/* End PBXProject section */

/* Begin PBXResourcesBuildPhase section */
		1E002BB427C695EA002BB72F /* Resources */ = {
			isa = PBXResourcesBuildPhase;
			buildActionMask = 2147483647;
			files = (
				1E002BC127C695EE002BB72F /* Preview Assets.xcassets in Resources */,
				1E002BBE27C695EE002BB72F /* Assets.xcassets in Resources */,
				1EEF7B7B27CB8F1D00106E73 /* landmarkData.json in Resources */,
			);
			runOnlyForDeploymentPostprocessing = 0;
		};
/* End PBXResourcesBuildPhase section */

/* Begin PBXSourcesBuildPhase section */
		1E002BB227C695EA002BB72F /* Sources */ = {
			isa = PBXSourcesBuildPhase;
			buildActionMask = 2147483647;
			files = (
				1EEF7B7927CB839C00106E73 /* Edvora Map View.swift in Sources */,
				1E002BBC27C695EA002BB72F /* ContentView.swift in Sources */,
				1EEF7B7F27CB910400106E73 /* ModelData.swift in Sources */,
				1E002BBA27C695EA002BB72F /* EdvoraApp.swift in Sources */,
				1EEF7B7D27CB8F6A00106E73 /* Landmark.swift in Sources */,
			);
			runOnlyForDeploymentPostprocessing = 0;
		};
/* End PBXSourcesBuildPhase section */

/* Begin XCBuildConfiguration section */
		1E002BC227C695EE002BB72F /* Debug */ = {
			isa = XCBuildConfiguration;
			buildSettings = {
				ALWAYS_SEARCH_USER_PATHS = NO;
				CLANG_ANALYZER_NONNULL = YES;
				CLANG_ANALYZER_NUMBER_OBJECT_CONVERSION = YES_AGGRESSIVE;
				CLANG_CXX_LANGUAGE_STANDARD = "gnu++17";
				CLANG_CXX_LIBRARY = "libc++";
				CLANG_ENABLE_MODULES = YES;
				CLANG_ENABLE_OBJC_ARC = YES;
				CLANG_ENABLE_OBJC_WEAK = YES;
				CLANG_WARN_BLOCK_CAPTURE_AUTORELEASING = YES;
				CLANG_WARN_BOOL_CONVERSION = YES;
				CLANG_WARN_COMMA = YES;
				CLANG_WARN_CONSTANT_CONVERSION = YES;
				CLANG_WARN_DEPRECATED_OBJC_IMPLEMENTATIONS = YES;
				CLANG_WARN_DIRECT_OBJC_ISA_USAGE = YES_ERROR;
				CLANG_WARN_DOCUMENTATION_COMMENTS = YES;
				CLANG_WARN_EMPTY_BODY = YES;
				CLANG_WARN_ENUM_CONVERSION = YES;
				CLANG_WARN_INFINITE_RECURSION = YES;
				CLANG_WARN_INT_CONVERSION = YES;
				CLANG_WARN_NON_LITERAL_NULL_CONVERSION = YES;
				CLANG_WARN_OBJC_IMPLICIT_RETAIN_SELF = YES;
				CLANG_WARN_OBJC_LITERAL_CONVERSION = YES;
				CLANG_WARN_OBJC_ROOT_CLASS = YES_ERROR;
				CLANG_WARN_QUOTED_INCLUDE_IN_FRAMEWORK_HEADER = YES;
				CLANG_WARN_RANGE_LOOP_ANALYSIS = YES;
				CLANG_WARN_STRICT_PROTOTYPES = YES;
				CLANG_WARN_SUSPICIOUS_MOVE = YES;
				CLANG_WARN_UNGUARDED_AVAILABILITY = YES_AGGRESSIVE;
				CLANG_WARN_UNREACHABLE_CODE = YES;
				CLANG_WARN__DUPLICATE_METHOD_MATCH = YES;
				COPY_PHASE_STRIP = NO;
				DEBUG_INFORMATION_FORMAT = dwarf;
				ENABLE_STRICT_OBJC_MSGSEND = YES;
				ENABLE_TESTABILITY = YES;
				GCC_C_LANGUAGE_STANDARD = gnu11;
				GCC_DYNAMIC_NO_PIC = NO;
				GCC_NO_COMMON_BLOCKS = YES;
				GCC_OPTIMIZATION_LEVEL = 0;
				GCC_PREPROCESSOR_DEFINITIONS = (
					"DEBUG=1",
					"$(inherited)",
				);
				GCC_WARN_64_TO_32_BIT_CONVERSION = YES;
				GCC_WARN_ABOUT_RETURN_TYPE = YES_ERROR;
				GCC_WARN_UNDECLARED_SELECTOR = YES;
				GCC_WARN_UNINITIALIZED_AUTOS = YES_AGGRESSIVE;
				GCC_WARN_UNUSED_FUNCTION = YES;
				GCC_WARN_UNUSED_VARIABLE = YES;
				IPHONEOS_DEPLOYMENT_TARGET = 15.2;
				MTL_ENABLE_DEBUG_INFO = INCLUDE_SOURCE;
				MTL_FAST_MATH = YES;
				ONLY_ACTIVE_ARCH = YES;
				SDKROOT = iphoneos;
				SWIFT_ACTIVE_COMPILATION_CONDITIONS = DEBUG;
				SWIFT_OPTIMIZATION_LEVEL = "-Onone";
			};
			name = Debug;
		};
		1E002BC327C695EE002BB72F /* Release */ = {
			isa = XCBuildConfiguration;
			buildSettings = {
				ALWAYS_SEARCH_USER_PATHS = NO;
				CLANG_ANALYZER_NONNULL = YES;
				CLANG_ANALYZER_NUMBER_OBJECT_CONVERSION = YES_AGGRESSIVE;
				CLANG_CXX_LANGUAGE_STANDARD = "gnu++17";
				CLANG_CXX_LIBRARY = "libc++";
				CLANG_ENABLE_MODULES = YES;
				CLANG_ENABLE_OBJC_ARC = YES;
				CLANG_ENABLE_OBJC_WEAK = YES;
				CLANG_WARN_BLOCK_CAPTURE_AUTORELEASING = YES;
				CLANG_WARN_BOOL_CONVERSION = YES;
				CLANG_WARN_COMMA = YES;
				CLANG_WARN_CONSTANT_CONVERSION = YES;
				CLANG_WARN_DEPRECATED_OBJC_IMPLEMENTATIONS = YES;
				CLANG_WARN_DIRECT_OBJC_ISA_USAGE = YES_ERROR;
				CLANG_WARN_DOCUMENTATION_COMMENTS = YES;
				CLANG_WARN_EMPTY_BODY = YES;
				CLANG_WARN_ENUM_CONVERSION = YES;
				CLANG_WARN_INFINITE_RECURSION = YES;
				CLANG_WARN_INT_CONVERSION = YES;
				CLANG_WARN_NON_LITERAL_NULL_CONVERSION = YES;
				CLANG_WARN_OBJC_IMPLICIT_RETAIN_SELF = YES;
				CLANG_WARN_OBJC_LITERAL_CONVERSION = YES;
				CLANG_WARN_OBJC_ROOT_CLASS = YES_ERROR;
				CLANG_WARN_QUOTED_INCLUDE_IN_FRAMEWORK_HEADER = YES;
				CLANG_WARN_RANGE_LOOP_ANALYSIS = YES;
				CLANG_WARN_STRICT_PROTOTYPES = YES;
				CLANG_WARN_SUSPICIOUS_MOVE = YES;
				CLANG_WARN_UNGUARDED_AVAILABILITY = YES_AGGRESSIVE;
				CLANG_WARN_UNREACHABLE_CODE = YES;
				CLANG_WARN__DUPLICATE_METHOD_MATCH = YES;
				COPY_PHASE_STRIP = NO;
				DEBUG_INFORMATION_FORMAT = "dwarf-with-dsym";
				ENABLE_NS_ASSERTIONS = NO;
				ENABLE_STRICT_OBJC_MSGSEND = YES;
				GCC_C_LANGUAGE_STANDARD = gnu11;
				GCC_NO_COMMON_BLOCKS = YES;
				GCC_WARN_64_TO_32_BIT_CONVERSION = YES;
				GCC_WARN_ABOUT_RETURN_TYPE = YES_ERROR;
				GCC_WARN_UNDECLARED_SELECTOR = YES;
				GCC_WARN_UNINITIALIZED_AUTOS = YES_AGGRESSIVE;
				GCC_WARN_UNUSED_FUNCTION = YES;
				GCC_WARN_UNUSED_VARIABLE = YES;
				IPHONEOS_DEPLOYMENT_TARGET = 15.2;
				MTL_ENABLE_DEBUG_INFO = NO;
				MTL_FAST_MATH = YES;
				SDKROOT = iphoneos;
				SWIFT_COMPILATION_MODE = wholemodule;
				SWIFT_OPTIMIZATION_LEVEL = "-O";
				VALIDATE_PRODUCT = YES;
			};
			name = Release;
		};
		1E002BC527C695EE002BB72F /* Debug */ = {
			isa = XCBuildConfiguration;
			buildSettings = {
				ASSETCATALOG_COMPILER_APPICON_NAME = AppIcon;
				ASSETCATALOG_COMPILER_GLOBAL_ACCENT_COLOR_NAME = AccentColor;
				CODE_SIGN_STYLE = Automatic;
				CURRENT_PROJECT_VERSION = 1;
				DEVELOPMENT_ASSET_PATHS = "\"Edvora/Preview Content\"";
				DEVELOPMENT_TEAM = 7BHR544F2J;
				ENABLE_PREVIEWS = YES;
				GENERATE_INFOPLIST_FILE = YES;
				INFOPLIST_KEY_UIApplicationSceneManifest_Generation = YES;
				INFOPLIST_KEY_UIApplicationSupportsIndirectInputEvents = YES;
				INFOPLIST_KEY_UILaunchScreen_Generation = YES;
				INFOPLIST_KEY_UISupportedInterfaceOrientations_iPad = "UIInterfaceOrientationPortrait UIInterfaceOrientationPortraitUpsideDown UIInterfaceOrientationLandscapeLeft UIInterfaceOrientationLandscapeRight";
				INFOPLIST_KEY_UISupportedInterfaceOrientations_iPhone = "UIInterfaceOrientationPortrait UIInterfaceOrientationLandscapeLeft UIInterfaceOrientationLandscapeRight";
				LD_RUNPATH_SEARCH_PATHS = (
					"$(inherited)",
					"@executable_path/Frameworks",
				);
				MARKETING_VERSION = 1.0;
				PRODUCT_BUNDLE_IDENTIFIER = "com.sanika-sApp.Edvora";
				PRODUCT_NAME = "$(TARGET_NAME)";
				SWIFT_EMIT_LOC_STRINGS = YES;
				SWIFT_VERSION = 5.0;
				TARGETED_DEVICE_FAMILY = "1,2";
			};
			name = Debug;
		};
		1E002BC627C695EE002BB72F /* Release */ = {
			isa = XCBuildConfiguration;
			buildSettings = {
				ASSETCATALOG_COMPILER_APPICON_NAME = AppIcon;
				ASSETCATALOG_COMPILER_GLOBAL_ACCENT_COLOR_NAME = AccentColor;
				CODE_SIGN_STYLE = Automatic;
				CURRENT_PROJECT_VERSION = 1;
				DEVELOPMENT_ASSET_PATHS = "\"Edvora/Preview Content\"";
				DEVELOPMENT_TEAM = 7BHR544F2J;
				ENABLE_PREVIEWS = YES;
				GENERATE_INFOPLIST_FILE = YES;
				INFOPLIST_KEY_UIApplicationSceneManifest_Generation = YES;
				INFOPLIST_KEY_UIApplicationSupportsIndirectInputEvents = YES;
				INFOPLIST_KEY_UILaunchScreen_Generation = YES;
				INFOPLIST_KEY_UISupportedInterfaceOrientations_iPad = "UIInterfaceOrientationPortrait UIInterfaceOrientationPortraitUpsideDown UIInterfaceOrientationLandscapeLeft UIInterfaceOrientationLandscapeRight";
				INFOPLIST_KEY_UISupportedInterfaceOrientations_iPhone = "UIInterfaceOrientationPortrait UIInterfaceOrientationLandscapeLeft UIInterfaceOrientationLandscapeRight";
				LD_RUNPATH_SEARCH_PATHS = (
					"$(inherited)",
					"@executable_path/Frameworks",
				);
				MARKETING_VERSION = 1.0;
				PRODUCT_BUNDLE_IDENTIFIER = "com.sanika-sApp.Edvora";
				PRODUCT_NAME = "$(TARGET_NAME)";
				SWIFT_EMIT_LOC_STRINGS = YES;
				SWIFT_VERSION = 5.0;
				TARGETED_DEVICE_FAMILY = "1,2";
			};
			name = Release;
		};
/* End XCBuildConfiguration section */

/* Begin XCConfigurationList section */
		1E002BB127C695EA002BB72F /* Build configuration list for PBXProject "Edvora" */ = {
			isa = XCConfigurationList;
			buildConfigurations = (
				1E002BC227C695EE002BB72F /* Debug */,
				1E002BC327C695EE002BB72F /* Release */,
			);
			defaultConfigurationIsVisible = 0;
			defaultConfigurationName = Release;
		};
		1E002BC427C695EE002BB72F /* Build configuration list for PBXNativeTarget "Edvora" */ = {
			isa = XCConfigurationList;
			buildConfigurations = (
				1E002BC527C695EE002BB72F /* Debug */,
				1E002BC627C695EE002BB72F /* Release */,
			);
			defaultConfigurationIsVisible = 0;
			defaultConfigurationName = Release;
		};
/* End XCConfigurationList section */
	};
	rootObject = 1E002BAE27C695EA002BB72F /* Project object */;
}
